
Microsoft Visual Studio Solution File, Format Version 12.00
# Visual Studio 15
VisualStudioVersion = 15.0.26403.7
MinimumVisualStudioVersion = 10.0.40219.1
Project("{FAE04EC0-301F-11D3-BF4B-00C04F79EFBC}") = "transfer_mvq_clt", "transfer_mvq_clt\transfer_mvq_clt.csproj", "{C2268B00-3D43-499D-BE88-A5EA58D6DD34}"
EndProject
Project("{FAE04EC0-301F-11D3-BF4B-00C04F79EFBC}") = "two_data_compare", "two_data_compare\two_data_compare.csproj", "{2A50A037-FA6B-4E40-9ABC-077A42E6A31A}"
EndProject
Project("{FAE04EC0-301F-11D3-BF4B-00C04F79EFBC}") = "convert_article_to_voc_list", "convert_article_to_voc_list\convert_article_to_voc_list.csproj", "{409DFAF1-7054-4F08-9C86-81FC0CBE2947}"
EndProject
Global
	GlobalSection(SolutionConfigurationPlatforms) = preSolution
		Debug|Any CPU = Debug|Any CPU
		Release|Any CPU = Release|Any CPU
	EndGlobalSection
	GlobalSection(ProjectConfigurationPlatforms) = postSolution
		{C2268B00-3D43-499D-BE88-A5EA58D6DD34}.Debug|Any CPU.ActiveCfg = Debug|Any CPU
		{C2268B00-3D43-499D-BE88-A5EA58D6DD34}.Debug|Any CPU.Build.0 = Debug|Any CPU
		{C2268B00-3D43-499D-BE88-A5EA58D6DD34}.Release|Any CPU.ActiveCfg = Release|Any CPU
		{C2268B00-3D43-499D-BE88-A5EA58D6DD34}.Release|Any CPU.Build.0 = Release|Any CPU
		{2A50A037-FA6B-4E40-9ABC-077A42E6A31A}.Debug|Any CPU.ActiveCfg = Debug|Any CPU
		{2A50A037-FA6B-4E40-9ABC-077A42E6A31A}.Debug|Any CPU.Build.0 = Debug|Any CPU
		{2A50A037-FA6B-4E40-9ABC-077A42E6A31A}.Release|Any CPU.ActiveCfg = Release|Any CPU
		{2A50A037-FA6B-4E40-9ABC-077A42E6A31A}.Release|Any CPU.Build.0 = Release|Any CPU
		{409DFAF1-7054-4F08-9C86-81FC0CBE2947}.Debug|Any CPU.ActiveCfg = Debug|Any CPU
		{409DFAF1-7054-4F08-9C86-81FC0CBE2947}.Debug|Any CPU.Build.0 = Debug|Any CPU
		{409DFAF1-7054-4F08-9C86-81FC0CBE2947}.Release|Any CPU.ActiveCfg = Release|Any CPU
		{409DFAF1-7054-4F08-9C86-81FC0CBE2947}.Release|Any CPU.Build.0 = Release|Any CPU
	EndGlobalSection
	GlobalSection(SolutionProperties) = preSolution
		HideSolutionNode = FALSE
	EndGlobalSection
EndGlobal
